# THIS IS AN AUTOGENERATED FILE. DO NOT EDIT THIS FILE DIRECTLY.
# yarn lockfile v1


"@types/concat-stream@^1.6.0":
  version "1.6.0"
  resolved "https://registry.yarnpkg.com/@types/concat-stream/-/concat-stream-1.6.0.tgz#394dbe0bb5fee46b38d896735e8b68ef2390d00d"
  dependencies:
    "@types/node" "*"

"@types/form-data@0.0.33":
  version "0.0.33"
  resolved "https://registry.yarnpkg.com/@types/form-data/-/form-data-0.0.33.tgz#c9ac85b2a5fd18435b8c85d9ecb50e6d6c893ff8"
  dependencies:
    "@types/node" "*"

"@types/node@*", "@types/node@^9.3.0":
  version "9.4.6"
  resolved "https://registry.yarnpkg.com/@types/node/-/node-9.4.6.tgz#d8176d864ee48753d053783e4e463aec86b8d82e"

"@types/node@^7.0.31":
  version "7.0.55"
  resolved "https://registry.yarnpkg.com/@types/node/-/node-7.0.55.tgz#7bb6215ff9425a1d714106be9f0d3e0e28829288"

"@types/node@^8.0.0":
  version "8.9.4"
  resolved "https://registry.yarnpkg.com/@types/node/-/node-8.9.4.tgz#dfd327582a06c114eb6e0441fa3d6fab35edad48"

"@types/qs@^6.2.31":
  version "6.5.1"
  resolved "https://registry.yarnpkg.com/@types/qs/-/qs-6.5.1.tgz#a38f69c62528d56ba7bd1f91335a8004988d72f7"

asap@~2.0.3:
  version "2.0.6"
  resolved "https://registry.yarnpkg.com/asap/-/asap-2.0.6.tgz#e50347611d7e690943208bbdafebcbc2fb866d46"

asynckit@^0.4.0:
  version "0.4.0"
  resolved "https://registry.yarnpkg.com/asynckit/-/asynckit-0.4.0.tgz#c79ed97f7f34cb8f2ba1bc9790bcc366474b4b79"

aws-sdk@^2.205.0:
  version "2.205.0"
  resolved "https://registry.yarnpkg.com/aws-sdk/-/aws-sdk-2.205.0.tgz#1a93730253e2be027a4bd3af9248cbda0573de80"
  dependencies:
    buffer "4.9.1"
    events "^1.1.1"
    jmespath "0.15.0"
    querystring "0.2.0"
    sax "1.2.1"
    url "0.10.3"
    uuid "3.1.0"
    xml2js "0.4.17"
    xmlbuilder "4.2.1"

base-x@^3.0.2:
  version "3.0.4"
  resolved "https://registry.yarnpkg.com/base-x/-/base-x-3.0.4.tgz#94c1788736da065edb1d68808869e357c977fa77"
  dependencies:
    safe-buffer "^5.0.1"

base64-js@^1.0.2:
  version "1.2.3"
  resolved "https://registry.yarnpkg.com/base64-js/-/base64-js-1.2.3.tgz#fb13668233d9614cf5fb4bce95a9ba4096cdf801"

bech32@^1.1.2:
  version "1.1.3"
  resolved "https://registry.yarnpkg.com/bech32/-/bech32-1.1.3.tgz#bd47a8986bbb3eec34a56a097a84b8d3e9a2dfcd"

bigi@^1.1.0, bigi@^1.4.0, bigi@^1.4.2:
  version "1.4.2"
  resolved "https://registry.yarnpkg.com/bigi/-/bigi-1.4.2.tgz#9c665a95f88b8b08fc05cfd731f561859d725825"

bip66@^1.1.0:
  version "1.1.5"
  resolved "https://registry.yarnpkg.com/bip66/-/bip66-1.1.5.tgz#01fa8748785ca70955d5011217d1b3139969ca22"
  dependencies:
    safe-buffer "^5.0.1"

bitcoin-ops@^1.3.0:
  version "1.4.1"
  resolved "https://registry.yarnpkg.com/bitcoin-ops/-/bitcoin-ops-1.4.1.tgz#e45de620398e22fd4ca6023de43974ff42240278"

bitcoinjs-lib@^3.3.2:
  version "3.3.2"
  resolved "https://registry.yarnpkg.com/bitcoinjs-lib/-/bitcoinjs-lib-3.3.2.tgz#780c9c53ecb1222adb463b58bef26386067b609a"
  dependencies:
    bech32 "^1.1.2"
    bigi "^1.4.0"
    bip66 "^1.1.0"
    bitcoin-ops "^1.3.0"
    bs58check "^2.0.0"
    create-hash "^1.1.0"
    create-hmac "^1.1.3"
    ecurve "^1.0.0"
    merkle-lib "^2.0.10"
    pushdata-bitcoin "^1.0.1"
    randombytes "^2.0.1"
    safe-buffer "^5.0.1"
    typeforce "^1.11.3"
    varuint-bitcoin "^1.0.4"
    wif "^2.0.1"

bs58@^4.0.0:
  version "4.0.1"
  resolved "https://registry.yarnpkg.com/bs58/-/bs58-4.0.1.tgz#be161e76c354f6f788ae4071f63f34e8c4f0a42a"
  dependencies:
    base-x "^3.0.2"

bs58check@<3.0.0, bs58check@^2.0.0:
  version "2.1.1"
  resolved "https://registry.yarnpkg.com/bs58check/-/bs58check-2.1.1.tgz#8a5d0e587af97b784bf9cbf1b29f454d82bc0222"
  dependencies:
    bs58 "^4.0.0"
    create-hash "^1.1.0"

buffer@4.9.1:
  version "4.9.1"
  resolved "https://registry.yarnpkg.com/buffer/-/buffer-4.9.1.tgz#6d1bb601b07a4efced97094132093027c95bc298"
  dependencies:
    base64-js "^1.0.2"
    ieee754 "^1.1.4"
    isarray "^1.0.0"

caseless@~0.12.0:
  version "0.12.0"
  resolved "https://registry.yarnpkg.com/caseless/-/caseless-0.12.0.tgz#1b681c21ff84033c826543090689420d187151dc"

cipher-base@^1.0.1, cipher-base@^1.0.3:
  version "1.0.4"
  resolved "https://registry.yarnpkg.com/cipher-base/-/cipher-base-1.0.4.tgz#8760e4ecc272f4c363532f926d874aae2c1397de"
  dependencies:
    inherits "^2.0.1"
    safe-buffer "^5.0.1"

combined-stream@1.0.6:
  version "1.0.6"
  resolved "https://registry.yarnpkg.com/combined-stream/-/combined-stream-1.0.6.tgz#723e7df6e801ac5613113a7e445a9b69cb632818"
  dependencies:
    delayed-stream "~1.0.0"

concat-stream@^1.4.6, concat-stream@^1.6.0:
  version "1.6.0"
  resolved "https://registry.yarnpkg.com/concat-stream/-/concat-stream-1.6.0.tgz#0aac662fd52be78964d5532f694784e70110acf7"
  dependencies:
    inherits "^2.0.3"
    readable-stream "^2.2.2"
    typedarray "^0.0.6"

core-util-is@~1.0.0:
  version "1.0.2"
  resolved "https://registry.yarnpkg.com/core-util-is/-/core-util-is-1.0.2.tgz#b5fd54220aa2bc5ab57aab7140c940754503c1a7"

create-hash@^1.1.0:
  version "1.1.3"
  resolved "https://registry.yarnpkg.com/create-hash/-/create-hash-1.1.3.tgz#606042ac8b9262750f483caddab0f5819172d8fd"
  dependencies:
    cipher-base "^1.0.1"
    inherits "^2.0.1"
    ripemd160 "^2.0.0"
    sha.js "^2.4.0"

create-hmac@^1.1.3:
  version "1.1.6"
  resolved "https://registry.yarnpkg.com/create-hmac/-/create-hmac-1.1.6.tgz#acb9e221a4e17bdb076e90657c42b93e3726cf06"
  dependencies:
    cipher-base "^1.0.3"
    create-hash "^1.1.0"
    inherits "^2.0.1"
    ripemd160 "^2.0.0"
    safe-buffer "^5.0.1"
    sha.js "^2.4.8"

delayed-stream@~1.0.0:
  version "1.0.0"
  resolved "https://registry.yarnpkg.com/delayed-stream/-/delayed-stream-1.0.0.tgz#df3ae199acadfb7d440aaae0b29e2272b24ec619"

ecurve@^1.0.0:
  version "1.0.6"
  resolved "https://registry.yarnpkg.com/ecurve/-/ecurve-1.0.6.tgz#dfdabbb7149f8d8b78816be5a7d5b83fcf6de797"
  dependencies:
    bigi "^1.1.0"
    safe-buffer "^5.0.1"

events@^1.1.1:
  version "1.1.1"
  resolved "https://registry.yarnpkg.com/events/-/events-1.1.1.tgz#9ebdb7635ad099c70dcc4c2a1f5004288e8bd924"

form-data@^2.2.0:
  version "2.3.2"
  resolved "https://registry.yarnpkg.com/form-data/-/form-data-2.3.2.tgz#4970498be604c20c005d4f5c23aecd21d6b49099"
  dependencies:
    asynckit "^0.4.0"
    combined-stream "1.0.6"
    mime-types "^2.1.12"

get-port@^3.1.0:
  version "3.2.0"
  resolved "https://registry.yarnpkg.com/get-port/-/get-port-3.2.0.tgz#dd7ce7de187c06c8bf353796ac71e099f0980ebc"

hash-base@^2.0.0:
  version "2.0.2"
  resolved "https://registry.yarnpkg.com/hash-base/-/hash-base-2.0.2.tgz#66ea1d856db4e8a5470cadf6fce23ae5244ef2e1"
  dependencies:
    inherits "^2.0.1"

http-basic@^6.0.0:
  version "6.0.0"
  resolved "https://registry.yarnpkg.com/http-basic/-/http-basic-6.0.0.tgz#1d63df8f891e1e25e0c2c84d7a2d94702d6ae229"
  dependencies:
    "@types/concat-stream" "^1.6.0"
    "@types/node" "^7.0.31"
    caseless "~0.12.0"
    concat-stream "^1.4.6"
    http-response-object "^3.0.1"
    parse-cache-control "^1.0.1"

http-response-object@^3.0.1:
  version "3.0.1"
  resolved "https://registry.yarnpkg.com/http-response-object/-/http-response-object-3.0.1.tgz#90174d44c27b5e797cf6efe51a043bc889ae64bf"
  dependencies:
    "@types/node" "^9.3.0"

ieee754@^1.1.4:
  version "1.1.8"
  resolved "https://registry.yarnpkg.com/ieee754/-/ieee754-1.1.8.tgz#be33d40ac10ef1926701f6f08a2d86fbfd1ad3e4"

inherits@^2.0.1, inherits@^2.0.3, inherits@~2.0.3:
  version "2.0.3"
  resolved "https://registry.yarnpkg.com/inherits/-/inherits-2.0.3.tgz#633c2c83e3da42a502f52466022480f4208261de"

isarray@^1.0.0, isarray@~1.0.0:
  version "1.0.0"
  resolved "https://registry.yarnpkg.com/isarray/-/isarray-1.0.0.tgz#bb935d48582cba168c06834957a54a3e07124f11"

jmespath@0.15.0:
  version "0.15.0"
  resolved "https://registry.yarnpkg.com/jmespath/-/jmespath-0.15.0.tgz#a3f222a9aae9f966f5d27c796510e28091764217"

lodash@^4.0.0:
  version "4.17.5"
  resolved "https://registry.yarnpkg.com/lodash/-/lodash-4.17.5.tgz#99a92d65c0272debe8c96b6057bc8fbfa3bed511"

merkle-lib@^2.0.10:
  version "2.0.10"
  resolved "https://registry.yarnpkg.com/merkle-lib/-/merkle-lib-2.0.10.tgz#82b8dbae75e27a7785388b73f9d7725d0f6f3326"

mime-db@~1.33.0:
  version "1.33.0"
  resolved "https://registry.yarnpkg.com/mime-db/-/mime-db-1.33.0.tgz#a3492050a5cb9b63450541e39d9788d2272783db"

mime-types@^2.1.12:
  version "2.1.18"
  resolved "https://registry.yarnpkg.com/mime-types/-/mime-types-2.1.18.tgz#6f323f60a83d11146f831ff11fd66e2fe5503bb8"
  dependencies:
    mime-db "~1.33.0"

parse-cache-control@^1.0.1:
  version "1.0.1"
  resolved "https://registry.yarnpkg.com/parse-cache-control/-/parse-cache-control-1.0.1.tgz#8eeab3e54fa56920fe16ba38f77fa21aacc2d74e"

process-nextick-args@~2.0.0:
  version "2.0.0"
  resolved "https://registry.yarnpkg.com/process-nextick-args/-/process-nextick-args-2.0.0.tgz#a37d732f4271b4ab1ad070d35508e8290788ffaa"

promise@^8.0.0:
  version "8.0.1"
  resolved "https://registry.yarnpkg.com/promise/-/promise-8.0.1.tgz#e45d68b00a17647b6da711bf85ed6ed47208f450"
  dependencies:
    asap "~2.0.3"

punycode@1.3.2:
  version "1.3.2"
  resolved "https://registry.yarnpkg.com/punycode/-/punycode-1.3.2.tgz#9653a036fb7c1ee42342f2325cceefea3926c48d"

pushdata-bitcoin@^1.0.1:
  version "1.0.1"
  resolved "https://registry.yarnpkg.com/pushdata-bitcoin/-/pushdata-bitcoin-1.0.1.tgz#15931d3cd967ade52206f523aa7331aef7d43af7"
  dependencies:
    bitcoin-ops "^1.3.0"

qs@^6.4.0:
  version "6.5.1"
  resolved "https://registry.yarnpkg.com/qs/-/qs-6.5.1.tgz#349cdf6eef89ec45c12d7d5eb3fc0c870343a6d8"

querystring@0.2.0:
  version "0.2.0"
  resolved "https://registry.yarnpkg.com/querystring/-/querystring-0.2.0.tgz#b209849203bb25df820da756e747005878521620"

randombytes@^2.0.1:
  version "2.0.6"
  resolved "https://registry.yarnpkg.com/randombytes/-/randombytes-2.0.6.tgz#d302c522948588848a8d300c932b44c24231da80"
  dependencies:
    safe-buffer "^5.1.0"

readable-stream@^2.2.2:
  version "2.3.4"
  resolved "https://registry.yarnpkg.com/readable-stream/-/readable-stream-2.3.4.tgz#c946c3f47fa7d8eabc0b6150f4a12f69a4574071"
  dependencies:
    core-util-is "~1.0.0"
    inherits "~2.0.3"
    isarray "~1.0.0"
    process-nextick-args "~2.0.0"
    safe-buffer "~5.1.1"
    string_decoder "~1.0.3"
    util-deprecate "~1.0.1"

ripemd160@^2.0.0:
  version "2.0.1"
  resolved "https://registry.yarnpkg.com/ripemd160/-/ripemd160-2.0.1.tgz#0f4584295c53a3628af7e6d79aca21ce57d1c6e7"
  dependencies:
    hash-base "^2.0.0"
    inherits "^2.0.1"

safe-buffer@^5.0.1, safe-buffer@^5.1.0, safe-buffer@^5.1.1, safe-buffer@~5.1.0, safe-buffer@~5.1.1:
  version "5.1.1"
  resolved "https://registry.yarnpkg.com/safe-buffer/-/safe-buffer-5.1.1.tgz#893312af69b2123def71f57889001671eeb2c853"

sax@1.2.1:
  version "1.2.1"
  resolved "https://registry.yarnpkg.com/sax/-/sax-1.2.1.tgz#7b8e656190b228e81a66aea748480d828cd2d37a"

sax@>=0.6.0:
  version "1.2.4"
  resolved "https://registry.yarnpkg.com/sax/-/sax-1.2.4.tgz#2816234e2378bddc4e5354fab5caa895df7100d9"

sha.js@^2.4.0, sha.js@^2.4.8:
  version "2.4.10"
  resolved "https://registry.yarnpkg.com/sha.js/-/sha.js-2.4.10.tgz#b1fde5cd7d11a5626638a07c604ab909cfa31f9b"
  dependencies:
    inherits "^2.0.1"
    safe-buffer "^5.0.1"

string_decoder@~1.0.3:
  version "1.0.3"
  resolved "https://registry.yarnpkg.com/string_decoder/-/string_decoder-1.0.3.tgz#0fc67d7c141825de94282dd536bec6b9bce860ab"
  dependencies:
    safe-buffer "~5.1.0"

sync-request@^5.0.0:
  version "5.0.0"
  resolved "https://registry.yarnpkg.com/sync-request/-/sync-request-5.0.0.tgz#b815d5c6e16193392ec4139a4881db5e90e88676"
  dependencies:
    http-response-object "^3.0.1"
    sync-rpc "^1.2.0"
    then-request "^5.0.0"

sync-rpc@^1.2.0:
  version "1.3.1"
  resolved "https://registry.yarnpkg.com/sync-rpc/-/sync-rpc-1.3.1.tgz#01f6206f6c265720a89c23c02942eb6c4ab3b1de"
  dependencies:
    get-port "^3.1.0"

then-request@^5.0.0:
  version "5.0.0"
  resolved "https://registry.yarnpkg.com/then-request/-/then-request-5.0.0.tgz#7a23f616799597621de8cfebc77c61fd28c00d64"
  dependencies:
    "@types/concat-stream" "^1.6.0"
    "@types/form-data" "0.0.33"
    "@types/node" "^8.0.0"
    "@types/qs" "^6.2.31"
    caseless "~0.12.0"
    concat-stream "^1.6.0"
    form-data "^2.2.0"
    http-basic "^6.0.0"
    http-response-object "^3.0.1"
    promise "^8.0.0"
    qs "^6.4.0"

typedarray@^0.0.6:
  version "0.0.6"
  resolved "https://registry.yarnpkg.com/typedarray/-/typedarray-0.0.6.tgz#867ac74e3864187b1d3d47d996a78ec5c8830777"

typeforce@^1.11.3:
  version "1.12.0"
  resolved "https://registry.yarnpkg.com/typeforce/-/typeforce-1.12.0.tgz#ca40899919f1466d7819e37be039406beb912a2e"

url@0.10.3:
  version "0.10.3"
  resolved "https://registry.yarnpkg.com/url/-/url-0.10.3.tgz#021e4d9c7705f21bbf37d03ceb58767402774c64"
  dependencies:
    punycode "1.3.2"
    querystring "0.2.0"

util-deprecate@~1.0.1:
  version "1.0.2"
  resolved "https://registry.yarnpkg.com/util-deprecate/-/util-deprecate-1.0.2.tgz#450d4dc9fa70de732762fbd2d4a28981419a0ccf"

uuid@3.1.0:
  version "3.1.0"
  resolved "https://registry.yarnpkg.com/uuid/-/uuid-3.1.0.tgz#3dd3d3e790abc24d7b0d3a034ffababe28ebbc04"

varuint-bitcoin@^1.0.4:
  version "1.1.0"
  resolved "https://registry.yarnpkg.com/varuint-bitcoin/-/varuint-bitcoin-1.1.0.tgz#7a343f50537607af6a3059312b9782a170894540"
  dependencies:
    safe-buffer "^5.1.1"

wif@^2.0.1:
  version "2.0.6"
  resolved "https://registry.yarnpkg.com/wif/-/wif-2.0.6.tgz#08d3f52056c66679299726fade0d432ae74b4704"
  dependencies:
    bs58check "<3.0.0"

xml2js@0.4.17:
  version "0.4.17"
  resolved "https://registry.yarnpkg.com/xml2js/-/xml2js-0.4.17.tgz#17be93eaae3f3b779359c795b419705a8817e868"
  dependencies:
    sax ">=0.6.0"
    xmlbuilder "^4.1.0"

xmlbuilder@4.2.1, xmlbuilder@^4.1.0:
  version "4.2.1"
  resolved "https://registry.yarnpkg.com/xmlbuilder/-/xmlbuilder-4.2.1.tgz#aa58a3041a066f90eaa16c2f5389ff19f3f461a5"
  dependencies:
    lodash "^4.0.0"
